schema: '2.0'
stages:
  data_ingestion:
    cmd: python src/data_ingestion.py
    deps:
    - path: src/data_ingestion.py
      hash: md5
      md5: 5b9d466812ce5e6e9dbb2d849957c8fd
      size: 3669
    params:
      params.yaml:
        data_ingestion.test_size: 0.3
    outs:
    - path: data/raw
      hash: md5
      md5: d26befd2dda9438254177d9000d9ba1f.dir
      size: 484846
      nfiles: 2
  data_preprocessing:
    cmd: python src/data_preprocessing.py
    deps:
    - path: data/raw
      hash: md5
      md5: d26befd2dda9438254177d9000d9ba1f.dir
      size: 484846
      nfiles: 2
    - path: src/data_preprocessing.py
      hash: md5
      md5: ae0059b79590609927f72e3c373f1865
      size: 3973
    outs:
    - path: data/interim
      hash: md5
      md5: 61ca13b2e20854a1f7bacbbcfeca409e.dir
      size: 262513
      nfiles: 2
  feature_engineering:
    cmd: python src/feature_engineering.py
    deps:
    - path: data/interim
      hash: md5
      md5: 61ca13b2e20854a1f7bacbbcfeca409e.dir
      size: 262513
      nfiles: 2
    - path: src/feature_engineering.py
      hash: md5
      md5: a14999d9a6fa2e1bec784c4823e57758
      size: 3871
    params:
      params.yaml:
        feature_engineering.max_features: 500
    outs:
    - path: data/processed
      hash: md5
      md5: a7a638538e87bb97f8b38e69645952f8.dir
      size: 10994035
      nfiles: 2
  model_building:
    cmd: python src/model_building.py
    deps:
    - path: data/processed
      hash: md5
      md5: a7a638538e87bb97f8b38e69645952f8.dir
      size: 10994035
      nfiles: 2
    - path: src/model_building.py
      hash: md5
      md5: d56596921ff92832ec2fb165beacde59
      size: 4483
    params:
      params.yaml:
        model_building.n_estimators: 50
        model_building.random_state: 42
    outs:
    - path: models/model.pkl
      hash: md5
      md5: b59f275270d2607686bdcebaffbd9efc
      size: 3308847
  model_evaluation:
    cmd: python src/model_evaluation.py
    deps:
    - path: models/model.pkl
      hash: md5
      md5: b59f275270d2607686bdcebaffbd9efc
      size: 3308847
    - path: src/model_evaluation.py
      hash: md5
      md5: 276ee697d763accd4e0ff77aeded16b1
      size: 4594
    outs:
    - path: reports/metrics.json
      hash: md5
      md5: 1496d0165e2ea219c3c84061a06aebb4
      size: 144
