schema: '2.0'
stages:
  data_ingestion:
    cmd: python src/data_ingestion.py
    deps:
    - path: src/data_ingestion.py
      hash: md5
      md5: 5b9d466812ce5e6e9dbb2d849957c8fd
      size: 3669
    params:
      params.yaml:
        data_ingestion.test_size: 0.25
    outs:
    - path: data/raw
      hash: md5
      md5: 04dd235295cb72c313e376c794dbd399.dir
      size: 484846
      nfiles: 2
  data_preprocessing:
    cmd: python src/data_preprocessing.py
    deps:
    - path: data/raw
      hash: md5
      md5: 04dd235295cb72c313e376c794dbd399.dir
      size: 484846
      nfiles: 2
    - path: src/data_preprocessing.py
      hash: md5
      md5: ae0059b79590609927f72e3c373f1865
      size: 3973
    outs:
    - path: data/interim
      hash: md5
      md5: a93065f5a2727e5e7dd327b4604144d5.dir
      size: 261440
      nfiles: 2
  feature_engineering:
    cmd: python src/feature_engineering.py
    deps:
    - path: data/interim
      hash: md5
      md5: a93065f5a2727e5e7dd327b4604144d5.dir
      size: 261440
      nfiles: 2
    - path: src/feature_engineering.py
      hash: md5
      md5: a14999d9a6fa2e1bec784c4823e57758
      size: 3871
    params:
      params.yaml:
        feature_engineering.max_features: 200
    outs:
    - path: data/processed
      hash: md5
      md5: e638d4d1533abdbd2565133f053e8672.dir
      size: 4505631
      nfiles: 2
  model_building:
    cmd: python src/model_building.py
    deps:
    - path: data/processed
      hash: md5
      md5: e638d4d1533abdbd2565133f053e8672.dir
      size: 4505631
      nfiles: 2
    - path: src/model_building.py
      hash: md5
      md5: d56596921ff92832ec2fb165beacde59
      size: 4483
    params:
      params.yaml:
        model_building.n_estimators: 100
        model_building.random_state: 42
    outs:
    - path: models/model.pkl
      hash: md5
      md5: f8e984e37ca258b22f9a21064b691b48
      size: 6217771
  model_evaluation:
    cmd: python src/model_evaluation.py
    deps:
    - path: models/model.pkl
      hash: md5
      md5: f8e984e37ca258b22f9a21064b691b48
      size: 6217771
    - path: src/model_evaluation.py
      hash: md5
      md5: 96ea24068d1da79963bee0260d6ceb7a
      size: 4220
    outs:
    - path: reports/metrics.json
      hash: md5
      md5: f4e1653a6718ac87f095e5851cc36127
      size: 145
